
Microsoft Visual Studio Solution File, Format Version 12.00
# Visual Studio Version 16
VisualStudioVersion = 16.0.30204.135
MinimumVisualStudioVersion = 10.0.40219.1
Project("{FAE04EC0-301F-11D3-BF4B-00C04F79EFBC}") = "Word-Count", "Word-Count\Word-Count.csproj", "{809DAACB-410C-4502-A47F-DCCD74395419}"
EndProject
Global
	GlobalSection(SolutionConfigurationPlatforms) = preSolution
		Debug|Any CPU = Debug|Any CPU
		Release|Any CPU = Release|Any CPU
	EndGlobalSection
	GlobalSection(ProjectConfigurationPlatforms) = postSolution
		{809DAACB-410C-4502-A47F-DCCD74395419}.Debug|Any CPU.ActiveCfg = Debug|Any CPU
		{809DAACB-410C-4502-A47F-DCCD74395419}.Debug|Any CPU.Build.0 = Debug|Any CPU
		{809DAACB-410C-4502-A47F-DCCD74395419}.Release|Any CPU.ActiveCfg = Release|Any CPU
		{809DAACB-410C-4502-A47F-DCCD74395419}.Release|Any CPU.Build.0 = Release|Any CPU
	EndGlobalSection
	GlobalSection(SolutionProperties) = preSolution
		HideSolutionNode = FALSE
	EndGlobalSection
	GlobalSection(ExtensibilityGlobals) = postSolution
		SolutionGuid = {10BE290E-6D9B-47C7-9E75-B071E3D0A557}
	EndGlobalSection
EndGlobal
